Microsoft Visual Studio Solution File, Format Version 12.00
# Visual Studio Version 17
VisualStudioVersion = 17.0.31903.59
MinimumVisualStudioVersion = 10.0.40219.1
Project("{9A19103F-16F7-4668-BE54-9A1E7A4F7556}") = "Peripherals", "Ziggy\Peripherals\Peripherals.csproj", "{77EF7B17-D719-45D7-BDB7-D476002FFD8B}"
EndProject
Project("{9A19103F-16F7-4668-BE54-9A1E7A4F7556}") = "Speccy", "Ziggy\Speccy\Speccy.csproj", "{7AA1D400-166C-4953-99B6-AF65EFDDFE69}"
EndProject
Project("{9A19103F-16F7-4668-BE54-9A1E7A4F7556}") = "ZeroSound", "Ziggy\ZiggySound\ZeroSound.csproj", "{7E924163-6CDF-4491-8279-01A1AEB50101}"
EndProject
Project("{9A19103F-16F7-4668-BE54-9A1E7A4F7556}") = "ZeroWin", "ZiggyWin\ZiggyWin\ZeroWin.csproj", "{E2B90D77-77E9-43E4-99E8-4C89D7613837}"
EndProject
Project("{9A19103F-16F7-4668-BE54-9A1E7A4F7556}") = "Zero.Core.Tests", "tests\Zero.Core.Tests\Zero.Core.Tests.csproj", "{3C1E2B54-5A1F-4D8E-9B7A-2F0C6D1E8A41}"
EndProject
Project("{9A19103F-16F7-4668-BE54-9A1E7A4F7556}") = "Zero.Emulation", "src\Zero.Emulation\Zero.Emulation.csproj", "{5D2F7A61-8C3B-4E9A-B1D4-7A0E3C9F2B58}"
EndProject
Project("{9A19103F-16F7-4668-BE54-9A1E7A4F7556}") = "Zero.Sdl", "src\Zero.Sdl\Zero.Sdl.csproj", "{A7B3C9D1-2E4F-4A6B-8C0D-1E2F3A4B5C6D}"
EndProject
Global
	GlobalSection(SolutionConfigurationPlatforms) = preSolution
		Debug|Any CPU = Debug|Any CPU
		Release|Any CPU = Release|Any CPU
	EndGlobalSection
	GlobalSection(ProjectConfigurationPlatforms) = postSolution
		{77EF7B17-D719-45D7-BDB7-D476002FFD8B}.Debug|Any CPU.ActiveCfg = Debug|Any CPU
		{77EF7B17-D719-45D7-BDB7-D476002FFD8B}.Debug|Any CPU.Build.0 = Debug|Any CPU
		{77EF7B17-D719-45D7-BDB7-D476002FFD8B}.Release|Any CPU.ActiveCfg = Release|Any CPU
		{77EF7B17-D719-45D7-BDB7-D476002FFD8B}.Release|Any CPU.Build.0 = Release|Any CPU
		{7AA1D400-166C-4953-99B6-AF65EFDDFE69}.Debug|Any CPU.ActiveCfg = Debug|Any CPU
		{7AA1D400-166C-4953-99B6-AF65EFDDFE69}.Debug|Any CPU.Build.0 = Debug|Any CPU
		{7AA1D400-166C-4953-99B6-AF65EFDDFE69}.Release|Any CPU.ActiveCfg = Release|Any CPU
		{7AA1D400-166C-4953-99B6-AF65EFDDFE69}.Release|Any CPU.Build.0 = Release|Any CPU
		{7E924163-6CDF-4491-8279-01A1AEB50101}.Debug|Any CPU.ActiveCfg = Debug|Any CPU
		{7E924163-6CDF-4491-8279-01A1AEB50101}.Debug|Any CPU.Build.0 = Debug|Any CPU
		{7E924163-6CDF-4491-8279-01A1AEB50101}.Release|Any CPU.ActiveCfg = Release|Any CPU
		{7E924163-6CDF-4491-8279-01A1AEB50101}.Release|Any CPU.Build.0 = Release|Any CPU
		{E2B90D77-77E9-43E4-99E8-4C89D7613837}.Debug|Any CPU.ActiveCfg = Debug|Any CPU
		{E2B90D77-77E9-43E4-99E8-4C89D7613837}.Debug|Any CPU.Build.0 = Debug|Any CPU
		{E2B90D77-77E9-43E4-99E8-4C89D7613837}.Release|Any CPU.ActiveCfg = Release|Any CPU
		{E2B90D77-77E9-43E4-99E8-4C89D7613837}.Release|Any CPU.Build.0 = Release|Any CPU
		{5D2F7A61-8C3B-4E9A-B1D4-7A0E3C9F2B58}.Debug|Any CPU.ActiveCfg = Debug|Any CPU
		{5D2F7A61-8C3B-4E9A-B1D4-7A0E3C9F2B58}.Debug|Any CPU.Build.0 = Debug|Any CPU
		{5D2F7A61-8C3B-4E9A-B1D4-7A0E3C9F2B58}.Release|Any CPU.ActiveCfg = Release|Any CPU
		{5D2F7A61-8C3B-4E9A-B1D4-7A0E3C9F2B58}.Release|Any CPU.Build.0 = Release|Any CPU
		{A7B3C9D1-2E4F-4A6B-8C0D-1E2F3A4B5C6D}.Debug|Any CPU.ActiveCfg = Debug|Any CPU
		{A7B3C9D1-2E4F-4A6B-8C0D-1E2F3A4B5C6D}.Debug|Any CPU.Build.0 = Debug|Any CPU
		{A7B3C9D1-2E4F-4A6B-8C0D-1E2F3A4B5C6D}.Release|Any CPU.ActiveCfg = Release|Any CPU
		{A7B3C9D1-2E4F-4A6B-8C0D-1E2F3A4B5C6D}.Release|Any CPU.Build.0 = Release|Any CPU
	EndGlobalSection
	GlobalSection(SolutionProperties) = preSolution
		{3C1E2B54-5A1F-4D8E-9B7A-2F0C6D1E8A41}.Debug|Any CPU.ActiveCfg = Debug|Any CPU
		{3C1E2B54-5A1F-4D8E-9B7A-2F0C6D1E8A41}.Debug|Any CPU.Build.0 = Debug|Any CPU
		{3C1E2B54-5A1F-4D8E-9B7A-2F0C6D1E8A41}.Release|Any CPU.ActiveCfg = Release|Any CPU
		{3C1E2B54-5A1F-4D8E-9B7A-2F0C6D1E8A41}.Release|Any CPU.Build.0 = Release|Any CPU
	EndGlobalSection
EndGlobal
