
Microsoft Visual Studio Solution File, Format Version 10.00
# Visual C# Express 2008
Project("{FAE04EC0-301F-11D3-BF4B-00C04F79EFBC}") = "Speccy", "Speccy\Speccy.csproj", "{7AA1D400-166C-4953-99B6-AF65EFDDFE69}"
EndProject
Project("{FAE04EC0-301F-11D3-BF4B-00C04F79EFBC}") = "ZiggyWin", "..\ZiggyWin\ZiggyWin.csproj", "{E2B90D77-77E9-43E4-99E8-4C89D7613837}"
	ProjectSection(ProjectDependencies) = postProject
		{7AA1D400-166C-4953-99B6-AF65EFDDFE69} = {7AA1D400-166C-4953-99B6-AF65EFDDFE69}
	EndProjectSection
EndProject
Global
	GlobalSection(SolutionConfigurationPlatforms) = preSolution
		Debug|Any CPU = Debug|Any CPU
		Release|Any CPU = Release|Any CPU
	EndGlobalSection
	GlobalSection(ProjectConfigurationPlatforms) = postSolution
		{7AA1D400-166C-4953-99B6-AF65EFDDFE69}.Debug|Any CPU.ActiveCfg = Debug|Any CPU
		{7AA1D400-166C-4953-99B6-AF65EFDDFE69}.Debug|Any CPU.Build.0 = Debug|Any CPU
		{7AA1D400-166C-4953-99B6-AF65EFDDFE69}.Release|Any CPU.ActiveCfg = Release|Any CPU
		{7AA1D400-166C-4953-99B6-AF65EFDDFE69}.Release|Any CPU.Build.0 = Release|Any CPU
		{E2B90D77-77E9-43E4-99E8-4C89D7613837}.Debug|Any CPU.ActiveCfg = Debug|Any CPU
		{E2B90D77-77E9-43E4-99E8-4C89D7613837}.Debug|Any CPU.Build.0 = Debug|Any CPU
		{E2B90D77-77E9-43E4-99E8-4C89D7613837}.Release|Any CPU.ActiveCfg = Release|Any CPU
		{E2B90D77-77E9-43E4-99E8-4C89D7613837}.Release|Any CPU.Build.0 = Release|Any CPU
	EndGlobalSection
	GlobalSection(SolutionProperties) = preSolution
		HideSolutionNode = FALSE
	EndGlobalSection
EndGlobal
